
Microsoft Visual Studio Solution File, Format Version 12.00
# Visual Studio Version 16
VisualStudioVersion = 16.0.33927.289
MinimumVisualStudioVersion = 10.0.40219.1
Project("{8BC9CEB8-8B4A-11D0-8D11-00A0C91BC942}") = "ECE175", "ECE175 Files\ECE175 Program Files.vcxproj", "{499D2A70-3B8E-4761-B8AA-EE69E416FD90}"
EndProject
Project("{8BC9CEB8-8B4A-11D0-8D11-00A0C91BC942}") = "Collatz_Conjecture", "Collatz_Conjecture\Collatz_Conjecture.vcxproj", "{90967DE4-2AF6-40CB-9483-0E7BBAF4E83C}"
EndProject
Project("{8BC9CEB8-8B4A-11D0-8D11-00A0C91BC942}") = "hw1_pizza_party", "hw1_pizza_party\hw1_pizza_party.vcxproj", "{6516BF93-4C6F-4F92-B76D-160BFAB8D762}"
EndProject
Project("{8BC9CEB8-8B4A-11D0-8D11-00A0C91BC942}") = "classActivity_sept05", "classActivity_sept05\classActivity_sept05.vcxproj", "{875952CA-4EC3-416A-828B-EA5C71C8FE33}"
EndProject
Project("{8BC9CEB8-8B4A-11D0-8D11-00A0C91BC942}") = "hw2", "hw2\hw2.vcxproj", "{97F466FF-F06F-4F80-B736-CEA57C14840A}"
EndProject
Project("{8BC9CEB8-8B4A-11D0-8D11-00A0C91BC942}") = "hw3", "hw3\hw3.vcxproj", "{869A2964-6007-46D3-9887-C1A89447C88A}"
EndProject
Project("{8BC9CEB8-8B4A-11D0-8D11-00A0C91BC942}") = "hw4", "hw4.c\hw4.c.vcxproj", "{76CC8409-6460-49DA-9A95-9AB5FA7C37DA}"
EndProject
Project("{8BC9CEB8-8B4A-11D0-8D11-00A0C91BC942}") = "hw5", "hw5\hw5.vcxproj", "{A5783602-C83C-479C-9067-89670A0D9A37}"
EndProject
Project("{8BC9CEB8-8B4A-11D0-8D11-00A0C91BC942}") = "hw5_pt2", "hw5_pt2\hw5_pt2.vcxproj", "{01BF7BF7-D2BE-4E28-B7FA-71CC57D5B9E5}"
EndProject
Project("{8BC9CEB8-8B4A-11D0-8D11-00A0C91BC942}") = "chapter7_notes", "chapter7_notes\chapter7_notes.vcxproj", "{1114874B-78D9-4F59-9B7E-2FBA9CA72001}"
EndProject
Project("{8BC9CEB8-8B4A-11D0-8D11-00A0C91BC942}") = "hw6_pt1", "hw6_pt1\hw6_pt1.vcxproj", "{C3E3C50F-EF31-4A0C-ACC4-C95EA02FCC98}"
EndProject
Project("{8BC9CEB8-8B4A-11D0-8D11-00A0C91BC942}") = "hw6_pt2", "hw6_troubleshoot\hw6_troubleshoot.vcxproj", "{BECB7A1F-BB86-432C-92A6-75BB3BCB31AE}"
EndProject
Project("{8BC9CEB8-8B4A-11D0-8D11-00A0C91BC942}") = "CLASSPARTICIAPTION_oct17", "CLASSPARTICIAPTION_oct17\CLASSPARTICIAPTION_oct17.vcxproj", "{E6C4BDE9-254B-47BD-AE61-934537376339}"
EndProject
Project("{8BC9CEB8-8B4A-11D0-8D11-00A0C91BC942}") = "chapter8_strings", "chapter8_strings\chapter8_strings.vcxproj", "{C2FEC93C-0B08-4D5A-9BE0-66FCEA0A38A5}"
EndProject
Project("{8BC9CEB8-8B4A-11D0-8D11-00A0C91BC942}") = "hw7_pt1", "hw7_pt1\hw7_pt1.vcxproj", "{778B40BD-2FB9-44CF-9235-1980476F6DD6}"
EndProject
Project("{8BC9CEB8-8B4A-11D0-8D11-00A0C91BC942}") = "hw7_pt2", "hw7_pt2\hw7_pt2.vcxproj", "{74D3A229-B0BA-4A0D-9577-470C288C0A6D}"
EndProject
Project("{8BC9CEB8-8B4A-11D0-8D11-00A0C91BC942}") = "hw8_pt1", "hw8_pt1\hw8_pt1.vcxproj", "{612CAEEE-422F-4869-A55E-558C6D58E866}"
EndProject
Project("{8BC9CEB8-8B4A-11D0-8D11-00A0C91BC942}") = "hw8_trouble", "hw8_trouble\hw8_trouble.vcxproj", "{B314DBEE-9EE4-4EF7-8FA5-130C02FB612D}"
EndProject
Project("{8BC9CEB8-8B4A-11D0-8D11-00A0C91BC942}") = "hw9", "hw9\hw9.vcxproj", "{39572556-4083-43A5-9DC9-ABE877DBCF19}"
EndProject
Project("{8BC9CEB8-8B4A-11D0-8D11-00A0C91BC942}") = "hw9_debug", "hw9_debug\hw9_debug.vcxproj", "{E58C0F2E-0384-42C1-BE2B-D3778915A285}"
EndProject
Global
	GlobalSection(SolutionConfigurationPlatforms) = preSolution
		Debug|x64 = Debug|x64
		Debug|x86 = Debug|x86
		Release|x64 = Release|x64
		Release|x86 = Release|x86
	EndGlobalSection
	GlobalSection(ProjectConfigurationPlatforms) = postSolution
		{499D2A70-3B8E-4761-B8AA-EE69E416FD90}.Debug|x64.ActiveCfg = Debug|x64
		{499D2A70-3B8E-4761-B8AA-EE69E416FD90}.Debug|x64.Build.0 = Debug|x64
		{499D2A70-3B8E-4761-B8AA-EE69E416FD90}.Debug|x86.ActiveCfg = Debug|Win32
		{499D2A70-3B8E-4761-B8AA-EE69E416FD90}.Debug|x86.Build.0 = Debug|Win32
		{499D2A70-3B8E-4761-B8AA-EE69E416FD90}.Release|x64.ActiveCfg = Release|x64
		{499D2A70-3B8E-4761-B8AA-EE69E416FD90}.Release|x64.Build.0 = Release|x64
		{499D2A70-3B8E-4761-B8AA-EE69E416FD90}.Release|x86.ActiveCfg = Release|Win32
		{499D2A70-3B8E-4761-B8AA-EE69E416FD90}.Release|x86.Build.0 = Release|Win32
		{90967DE4-2AF6-40CB-9483-0E7BBAF4E83C}.Debug|x64.ActiveCfg = Debug|x64
		{90967DE4-2AF6-40CB-9483-0E7BBAF4E83C}.Debug|x64.Build.0 = Debug|x64
		{90967DE4-2AF6-40CB-9483-0E7BBAF4E83C}.Debug|x86.ActiveCfg = Debug|Win32
		{90967DE4-2AF6-40CB-9483-0E7BBAF4E83C}.Debug|x86.Build.0 = Debug|Win32
		{90967DE4-2AF6-40CB-9483-0E7BBAF4E83C}.Release|x64.ActiveCfg = Release|x64
		{90967DE4-2AF6-40CB-9483-0E7BBAF4E83C}.Release|x64.Build.0 = Release|x64
		{90967DE4-2AF6-40CB-9483-0E7BBAF4E83C}.Release|x86.ActiveCfg = Release|Win32
		{90967DE4-2AF6-40CB-9483-0E7BBAF4E83C}.Release|x86.Build.0 = Release|Win32
		{6516BF93-4C6F-4F92-B76D-160BFAB8D762}.Debug|x64.ActiveCfg = Debug|x64
		{6516BF93-4C6F-4F92-B76D-160BFAB8D762}.Debug|x64.Build.0 = Debug|x64
		{6516BF93-4C6F-4F92-B76D-160BFAB8D762}.Debug|x86.ActiveCfg = Debug|Win32
		{6516BF93-4C6F-4F92-B76D-160BFAB8D762}.Debug|x86.Build.0 = Debug|Win32
		{6516BF93-4C6F-4F92-B76D-160BFAB8D762}.Release|x64.ActiveCfg = Release|x64
		{6516BF93-4C6F-4F92-B76D-160BFAB8D762}.Release|x64.Build.0 = Release|x64
		{6516BF93-4C6F-4F92-B76D-160BFAB8D762}.Release|x86.ActiveCfg = Release|Win32
		{6516BF93-4C6F-4F92-B76D-160BFAB8D762}.Release|x86.Build.0 = Release|Win32
		{875952CA-4EC3-416A-828B-EA5C71C8FE33}.Debug|x64.ActiveCfg = Debug|x64
		{875952CA-4EC3-416A-828B-EA5C71C8FE33}.Debug|x64.Build.0 = Debug|x64
		{875952CA-4EC3-416A-828B-EA5C71C8FE33}.Debug|x86.ActiveCfg = Debug|Win32
		{875952CA-4EC3-416A-828B-EA5C71C8FE33}.Debug|x86.Build.0 = Debug|Win32
		{875952CA-4EC3-416A-828B-EA5C71C8FE33}.Release|x64.ActiveCfg = Release|x64
		{875952CA-4EC3-416A-828B-EA5C71C8FE33}.Release|x64.Build.0 = Release|x64
		{875952CA-4EC3-416A-828B-EA5C71C8FE33}.Release|x86.ActiveCfg = Release|Win32
		{875952CA-4EC3-416A-828B-EA5C71C8FE33}.Release|x86.Build.0 = Release|Win32
		{97F466FF-F06F-4F80-B736-CEA57C14840A}.Debug|x64.ActiveCfg = Debug|x64
		{97F466FF-F06F-4F80-B736-CEA57C14840A}.Debug|x64.Build.0 = Debug|x64
		{97F466FF-F06F-4F80-B736-CEA57C14840A}.Debug|x86.ActiveCfg = Debug|Win32
		{97F466FF-F06F-4F80-B736-CEA57C14840A}.Debug|x86.Build.0 = Debug|Win32
		{97F466FF-F06F-4F80-B736-CEA57C14840A}.Release|x64.ActiveCfg = Release|x64
		{97F466FF-F06F-4F80-B736-CEA57C14840A}.Release|x64.Build.0 = Release|x64
		{97F466FF-F06F-4F80-B736-CEA57C14840A}.Release|x86.ActiveCfg = Release|Win32
		{97F466FF-F06F-4F80-B736-CEA57C14840A}.Release|x86.Build.0 = Release|Win32
		{869A2964-6007-46D3-9887-C1A89447C88A}.Debug|x64.ActiveCfg = Debug|x64
		{869A2964-6007-46D3-9887-C1A89447C88A}.Debug|x64.Build.0 = Debug|x64
		{869A2964-6007-46D3-9887-C1A89447C88A}.Debug|x86.ActiveCfg = Debug|Win32
		{869A2964-6007-46D3-9887-C1A89447C88A}.Debug|x86.Build.0 = Debug|Win32
		{869A2964-6007-46D3-9887-C1A89447C88A}.Release|x64.ActiveCfg = Release|x64
		{869A2964-6007-46D3-9887-C1A89447C88A}.Release|x64.Build.0 = Release|x64
		{869A2964-6007-46D3-9887-C1A89447C88A}.Release|x86.ActiveCfg = Release|Win32
		{869A2964-6007-46D3-9887-C1A89447C88A}.Release|x86.Build.0 = Release|Win32
		{76CC8409-6460-49DA-9A95-9AB5FA7C37DA}.Debug|x64.ActiveCfg = Debug|x64
		{76CC8409-6460-49DA-9A95-9AB5FA7C37DA}.Debug|x64.Build.0 = Debug|x64
		{76CC8409-6460-49DA-9A95-9AB5FA7C37DA}.Debug|x86.ActiveCfg = Debug|Win32
		{76CC8409-6460-49DA-9A95-9AB5FA7C37DA}.Debug|x86.Build.0 = Debug|Win32
		{76CC8409-6460-49DA-9A95-9AB5FA7C37DA}.Release|x64.ActiveCfg = Release|x64
		{76CC8409-6460-49DA-9A95-9AB5FA7C37DA}.Release|x64.Build.0 = Release|x64
		{76CC8409-6460-49DA-9A95-9AB5FA7C37DA}.Release|x86.ActiveCfg = Release|Win32
		{76CC8409-6460-49DA-9A95-9AB5FA7C37DA}.Release|x86.Build.0 = Release|Win32
		{A5783602-C83C-479C-9067-89670A0D9A37}.Debug|x64.ActiveCfg = Debug|x64
		{A5783602-C83C-479C-9067-89670A0D9A37}.Debug|x64.Build.0 = Debug|x64
		{A5783602-C83C-479C-9067-89670A0D9A37}.Debug|x86.ActiveCfg = Debug|Win32
		{A5783602-C83C-479C-9067-89670A0D9A37}.Debug|x86.Build.0 = Debug|Win32
		{A5783602-C83C-479C-9067-89670A0D9A37}.Release|x64.ActiveCfg = Release|x64
		{A5783602-C83C-479C-9067-89670A0D9A37}.Release|x64.Build.0 = Release|x64
		{A5783602-C83C-479C-9067-89670A0D9A37}.Release|x86.ActiveCfg = Release|Win32
		{A5783602-C83C-479C-9067-89670A0D9A37}.Release|x86.Build.0 = Release|Win32
		{01BF7BF7-D2BE-4E28-B7FA-71CC57D5B9E5}.Debug|x64.ActiveCfg = Debug|x64
		{01BF7BF7-D2BE-4E28-B7FA-71CC57D5B9E5}.Debug|x64.Build.0 = Debug|x64
		{01BF7BF7-D2BE-4E28-B7FA-71CC57D5B9E5}.Debug|x86.ActiveCfg = Debug|Win32
		{01BF7BF7-D2BE-4E28-B7FA-71CC57D5B9E5}.Debug|x86.Build.0 = Debug|Win32
		{01BF7BF7-D2BE-4E28-B7FA-71CC57D5B9E5}.Release|x64.ActiveCfg = Release|x64
		{01BF7BF7-D2BE-4E28-B7FA-71CC57D5B9E5}.Release|x64.Build.0 = Release|x64
		{01BF7BF7-D2BE-4E28-B7FA-71CC57D5B9E5}.Release|x86.ActiveCfg = Release|Win32
		{01BF7BF7-D2BE-4E28-B7FA-71CC57D5B9E5}.Release|x86.Build.0 = Release|Win32
		{1114874B-78D9-4F59-9B7E-2FBA9CA72001}.Debug|x64.ActiveCfg = Debug|x64
		{1114874B-78D9-4F59-9B7E-2FBA9CA72001}.Debug|x64.Build.0 = Debug|x64
		{1114874B-78D9-4F59-9B7E-2FBA9CA72001}.Debug|x86.ActiveCfg = Debug|Win32
		{1114874B-78D9-4F59-9B7E-2FBA9CA72001}.Debug|x86.Build.0 = Debug|Win32
		{1114874B-78D9-4F59-9B7E-2FBA9CA72001}.Release|x64.ActiveCfg = Release|x64
		{1114874B-78D9-4F59-9B7E-2FBA9CA72001}.Release|x64.Build.0 = Release|x64
		{1114874B-78D9-4F59-9B7E-2FBA9CA72001}.Release|x86.ActiveCfg = Release|Win32
		{1114874B-78D9-4F59-9B7E-2FBA9CA72001}.Release|x86.Build.0 = Release|Win32
		{C3E3C50F-EF31-4A0C-ACC4-C95EA02FCC98}.Debug|x64.ActiveCfg = Debug|x64
		{C3E3C50F-EF31-4A0C-ACC4-C95EA02FCC98}.Debug|x64.Build.0 = Debug|x64
		{C3E3C50F-EF31-4A0C-ACC4-C95EA02FCC98}.Debug|x86.ActiveCfg = Debug|Win32
		{C3E3C50F-EF31-4A0C-ACC4-C95EA02FCC98}.Debug|x86.Build.0 = Debug|Win32
		{C3E3C50F-EF31-4A0C-ACC4-C95EA02FCC98}.Release|x64.ActiveCfg = Release|x64
		{C3E3C50F-EF31-4A0C-ACC4-C95EA02FCC98}.Release|x64.Build.0 = Release|x64
		{C3E3C50F-EF31-4A0C-ACC4-C95EA02FCC98}.Release|x86.ActiveCfg = Release|Win32
		{C3E3C50F-EF31-4A0C-ACC4-C95EA02FCC98}.Release|x86.Build.0 = Release|Win32
		{BECB7A1F-BB86-432C-92A6-75BB3BCB31AE}.Debug|x64.ActiveCfg = Debug|x64
		{BECB7A1F-BB86-432C-92A6-75BB3BCB31AE}.Debug|x64.Build.0 = Debug|x64
		{BECB7A1F-BB86-432C-92A6-75BB3BCB31AE}.Debug|x86.ActiveCfg = Debug|Win32
		{BECB7A1F-BB86-432C-92A6-75BB3BCB31AE}.Debug|x86.Build.0 = Debug|Win32
		{BECB7A1F-BB86-432C-92A6-75BB3BCB31AE}.Release|x64.ActiveCfg = Release|x64
		{BECB7A1F-BB86-432C-92A6-75BB3BCB31AE}.Release|x64.Build.0 = Release|x64
		{BECB7A1F-BB86-432C-92A6-75BB3BCB31AE}.Release|x86.ActiveCfg = Release|Win32
		{BECB7A1F-BB86-432C-92A6-75BB3BCB31AE}.Release|x86.Build.0 = Release|Win32
		{E6C4BDE9-254B-47BD-AE61-934537376339}.Debug|x64.ActiveCfg = Debug|x64
		{E6C4BDE9-254B-47BD-AE61-934537376339}.Debug|x64.Build.0 = Debug|x64
		{E6C4BDE9-254B-47BD-AE61-934537376339}.Debug|x86.ActiveCfg = Debug|Win32
		{E6C4BDE9-254B-47BD-AE61-934537376339}.Debug|x86.Build.0 = Debug|Win32
		{E6C4BDE9-254B-47BD-AE61-934537376339}.Release|x64.ActiveCfg = Release|x64
		{E6C4BDE9-254B-47BD-AE61-934537376339}.Release|x64.Build.0 = Release|x64
		{E6C4BDE9-254B-47BD-AE61-934537376339}.Release|x86.ActiveCfg = Release|Win32
		{E6C4BDE9-254B-47BD-AE61-934537376339}.Release|x86.Build.0 = Release|Win32
		{C2FEC93C-0B08-4D5A-9BE0-66FCEA0A38A5}.Debug|x64.ActiveCfg = Debug|x64
		{C2FEC93C-0B08-4D5A-9BE0-66FCEA0A38A5}.Debug|x64.Build.0 = Debug|x64
		{C2FEC93C-0B08-4D5A-9BE0-66FCEA0A38A5}.Debug|x86.ActiveCfg = Debug|Win32
		{C2FEC93C-0B08-4D5A-9BE0-66FCEA0A38A5}.Debug|x86.Build.0 = Debug|Win32
		{C2FEC93C-0B08-4D5A-9BE0-66FCEA0A38A5}.Release|x64.ActiveCfg = Release|x64
		{C2FEC93C-0B08-4D5A-9BE0-66FCEA0A38A5}.Release|x64.Build.0 = Release|x64
		{C2FEC93C-0B08-4D5A-9BE0-66FCEA0A38A5}.Release|x86.ActiveCfg = Release|Win32
		{C2FEC93C-0B08-4D5A-9BE0-66FCEA0A38A5}.Release|x86.Build.0 = Release|Win32
		{778B40BD-2FB9-44CF-9235-1980476F6DD6}.Debug|x64.ActiveCfg = Debug|x64
		{778B40BD-2FB9-44CF-9235-1980476F6DD6}.Debug|x64.Build.0 = Debug|x64
		{778B40BD-2FB9-44CF-9235-1980476F6DD6}.Debug|x86.ActiveCfg = Debug|Win32
		{778B40BD-2FB9-44CF-9235-1980476F6DD6}.Debug|x86.Build.0 = Debug|Win32
		{778B40BD-2FB9-44CF-9235-1980476F6DD6}.Release|x64.ActiveCfg = Release|x64
		{778B40BD-2FB9-44CF-9235-1980476F6DD6}.Release|x64.Build.0 = Release|x64
		{778B40BD-2FB9-44CF-9235-1980476F6DD6}.Release|x86.ActiveCfg = Release|Win32
		{778B40BD-2FB9-44CF-9235-1980476F6DD6}.Release|x86.Build.0 = Release|Win32
		{74D3A229-B0BA-4A0D-9577-470C288C0A6D}.Debug|x64.ActiveCfg = Debug|x64
		{74D3A229-B0BA-4A0D-9577-470C288C0A6D}.Debug|x64.Build.0 = Debug|x64
		{74D3A229-B0BA-4A0D-9577-470C288C0A6D}.Debug|x86.ActiveCfg = Debug|Win32
		{74D3A229-B0BA-4A0D-9577-470C288C0A6D}.Debug|x86.Build.0 = Debug|Win32
		{74D3A229-B0BA-4A0D-9577-470C288C0A6D}.Release|x64.ActiveCfg = Release|x64
		{74D3A229-B0BA-4A0D-9577-470C288C0A6D}.Release|x64.Build.0 = Release|x64
		{74D3A229-B0BA-4A0D-9577-470C288C0A6D}.Release|x86.ActiveCfg = Release|Win32
		{74D3A229-B0BA-4A0D-9577-470C288C0A6D}.Release|x86.Build.0 = Release|Win32
		{612CAEEE-422F-4869-A55E-558C6D58E866}.Debug|x64.ActiveCfg = Debug|x64
		{612CAEEE-422F-4869-A55E-558C6D58E866}.Debug|x64.Build.0 = Debug|x64
		{612CAEEE-422F-4869-A55E-558C6D58E866}.Debug|x86.ActiveCfg = Debug|Win32
		{612CAEEE-422F-4869-A55E-558C6D58E866}.Debug|x86.Build.0 = Debug|Win32
		{612CAEEE-422F-4869-A55E-558C6D58E866}.Release|x64.ActiveCfg = Release|x64
		{612CAEEE-422F-4869-A55E-558C6D58E866}.Release|x64.Build.0 = Release|x64
		{612CAEEE-422F-4869-A55E-558C6D58E866}.Release|x86.ActiveCfg = Release|Win32
		{612CAEEE-422F-4869-A55E-558C6D58E866}.Release|x86.Build.0 = Release|Win32
		{B314DBEE-9EE4-4EF7-8FA5-130C02FB612D}.Debug|x64.ActiveCfg = Debug|x64
		{B314DBEE-9EE4-4EF7-8FA5-130C02FB612D}.Debug|x64.Build.0 = Debug|x64
		{B314DBEE-9EE4-4EF7-8FA5-130C02FB612D}.Debug|x86.ActiveCfg = Debug|Win32
		{B314DBEE-9EE4-4EF7-8FA5-130C02FB612D}.Debug|x86.Build.0 = Debug|Win32
		{B314DBEE-9EE4-4EF7-8FA5-130C02FB612D}.Release|x64.ActiveCfg = Release|x64
		{B314DBEE-9EE4-4EF7-8FA5-130C02FB612D}.Release|x64.Build.0 = Release|x64
		{B314DBEE-9EE4-4EF7-8FA5-130C02FB612D}.Release|x86.ActiveCfg = Release|Win32
		{B314DBEE-9EE4-4EF7-8FA5-130C02FB612D}.Release|x86.Build.0 = Release|Win32
		{39572556-4083-43A5-9DC9-ABE877DBCF19}.Debug|x64.ActiveCfg = Debug|x64
		{39572556-4083-43A5-9DC9-ABE877DBCF19}.Debug|x64.Build.0 = Debug|x64
		{39572556-4083-43A5-9DC9-ABE877DBCF19}.Debug|x86.ActiveCfg = Debug|Win32
		{39572556-4083-43A5-9DC9-ABE877DBCF19}.Debug|x86.Build.0 = Debug|Win32
		{39572556-4083-43A5-9DC9-ABE877DBCF19}.Release|x64.ActiveCfg = Release|x64
		{39572556-4083-43A5-9DC9-ABE877DBCF19}.Release|x64.Build.0 = Release|x64
		{39572556-4083-43A5-9DC9-ABE877DBCF19}.Release|x86.ActiveCfg = Release|Win32
		{39572556-4083-43A5-9DC9-ABE877DBCF19}.Release|x86.Build.0 = Release|Win32
		{E58C0F2E-0384-42C1-BE2B-D3778915A285}.Debug|x64.ActiveCfg = Debug|x64
		{E58C0F2E-0384-42C1-BE2B-D3778915A285}.Debug|x64.Build.0 = Debug|x64
		{E58C0F2E-0384-42C1-BE2B-D3778915A285}.Debug|x86.ActiveCfg = Debug|Win32
		{E58C0F2E-0384-42C1-BE2B-D3778915A285}.Debug|x86.Build.0 = Debug|Win32
		{E58C0F2E-0384-42C1-BE2B-D3778915A285}.Release|x64.ActiveCfg = Release|x64
		{E58C0F2E-0384-42C1-BE2B-D3778915A285}.Release|x64.Build.0 = Release|x64
		{E58C0F2E-0384-42C1-BE2B-D3778915A285}.Release|x86.ActiveCfg = Release|Win32
		{E58C0F2E-0384-42C1-BE2B-D3778915A285}.Release|x86.Build.0 = Release|Win32
	EndGlobalSection
	GlobalSection(SolutionProperties) = preSolution
		HideSolutionNode = FALSE
	EndGlobalSection
	GlobalSection(ExtensibilityGlobals) = postSolution
		SolutionGuid = {C68EBC94-0885-4CBF-9473-7FE84D59E1B3}
	EndGlobalSection
EndGlobal
